
Microsoft Visual Studio Solution File, Format Version 12.00
# Visual Studio Version 17
VisualStudioVersion = 17.0.32014.148
MinimumVisualStudioVersion = 10.0.40219.1
Project("{FAE04EC0-301F-11D3-BF4B-00C04F79EFBC}") = "ProjectBackApiCore", "ProjectBackApiCore\ProjectBackApiCore.csproj", "{9C4FCF07-2BDA-4317-989D-50C6ABA8AC24}"
EndProject
Global
	GlobalSection(SolutionConfigurationPlatforms) = preSolution
		Debug|Any CPU = Debug|Any CPU
		Release|Any CPU = Release|Any CPU
	EndGlobalSection
	GlobalSection(ProjectConfigurationPlatforms) = postSolution
		{9C4FCF07-2BDA-4317-989D-50C6ABA8AC24}.Debug|Any CPU.ActiveCfg = Debug|Any CPU
		{9C4FCF07-2BDA-4317-989D-50C6ABA8AC24}.Debug|Any CPU.Build.0 = Debug|Any CPU
		{9C4FCF07-2BDA-4317-989D-50C6ABA8AC24}.Release|Any CPU.ActiveCfg = Release|Any CPU
		{9C4FCF07-2BDA-4317-989D-50C6ABA8AC24}.Release|Any CPU.Build.0 = Release|Any CPU
	EndGlobalSection
	GlobalSection(SolutionProperties) = preSolution
		HideSolutionNode = FALSE
	EndGlobalSection
	GlobalSection(ExtensibilityGlobals) = postSolution
		SolutionGuid = {827E3213-E178-42F2-B953-A44156ACAC8B}
	EndGlobalSection
EndGlobal
